PODS:
  - SwiftLint (0.39.2)
  - VietMaps (1.0.0):
    - VietMapsMobileEvents (= 0.1.0)
  - VietMapsMobileEvents (0.1.0)

DEPENDENCIES:
  - SwiftLint (~> 0.29)
  - VietMaps (= 1.0.0)

SPEC REPOS:
  trunk:
    - SwiftLint
    - VietMaps
    - VietMapsMobileEvents

SPEC CHECKSUMS:
  SwiftLint: 22ccbbe3b8008684be5955693bab135e0ed6a447
  VietMaps: 54b607cc4836f1d34ce4270e16166d1e710db1cc
  VietMapsMobileEvents: 346f002271cfbbbb3766258aa303f1a21c39f3db

PODFILE CHECKSUM: 96ff5a9a682f43455f3f88e323cfc45aea64d2e8

COCOAPODS: 1.9.1
